
Microsoft Visual Studio Solution File, Format Version 12.00
# Visual Studio Version 16
VisualStudioVersion = 16.0.31729.503
MinimumVisualStudioVersion = 10.0.40219.1
Project("{FAE04EC0-301F-11D3-BF4B-00C04F79EFBC}") = "ClassLibrary1", "ClassLibrary1.csproj", "{BBECEEAD-FFF2-4661-B574-6F146BBEEE4A}"
EndProject
Global
	GlobalSection(SolutionConfigurationPlatforms) = preSolution
		Debug|Any CPU = Debug|Any CPU
		Release|Any CPU = Release|Any CPU
	EndGlobalSection
	GlobalSection(ProjectConfigurationPlatforms) = postSolution
		{BBECEEAD-FFF2-4661-B574-6F146BBEEE4A}.Debug|Any CPU.ActiveCfg = Debug|Any CPU
		{BBECEEAD-FFF2-4661-B574-6F146BBEEE4A}.Debug|Any CPU.Build.0 = Debug|Any CPU
		{BBECEEAD-FFF2-4661-B574-6F146BBEEE4A}.Release|Any CPU.ActiveCfg = Release|Any CPU
		{BBECEEAD-FFF2-4661-B574-6F146BBEEE4A}.Release|Any CPU.Build.0 = Release|Any CPU
	EndGlobalSection
	GlobalSection(SolutionProperties) = preSolution
		HideSolutionNode = FALSE
	EndGlobalSection
	GlobalSection(ExtensibilityGlobals) = postSolution
		SolutionGuid = {F6DAAA3F-CFA6-417E-93C9-5ABA05206640}
	EndGlobalSection
EndGlobal
